# This file is automatically @generated by Cargo.
# It is not intended for manual editing.
version = 4

[[package]]
name = "archmage"
version = "0.9.5"
source = "registry+https://github.com/rust-lang/crates.io-index"
checksum = "6fd400bfe079970d495bda0865afa8e3ba6f1604812f003c1ddcedc4d7a55a7e"
dependencies = [
 "archmage-macros",
 "safe_unaligned_simd",
]

[[package]]
name = "archmage-macros"
version = "0.9.5"
source = "registry+https://github.com/rust-lang/crates.io-index"
checksum = "e73d1377bc9ebbed872f6a818decf8b360050183c641604078c0b5fc0f4a9189"
dependencies = [
 "proc-macro2",
 "quote",
 "syn",
]

[[package]]
name = "bytemuck"
version = "1.25.0"
source = "registry+https://github.com/rust-lang/crates.io-index"
checksum = "c8efb64bd706a16a1bdde310ae86b351e4d21550d98d056f22f8a7f7a2183fec"

[[package]]
name = "libm"
version = "0.2.16"
source = "registry+https://github.com/rust-lang/crates.io-index"
checksum = "b6d2cec3eae94f9f509c767b45932f1ada8350c4bdb85af2fcab4a3c14807981"

[[package]]
name = "magetypes"
version = "0.9.5"
source = "registry+https://github.com/rust-lang/crates.io-index"
checksum = "f1d74daed887a4af79f24aff472446d8b5f9a626d555db93f8c4bcdf6e6db41e"
dependencies = [
 "archmage",
]

[[package]]
name = "proc-macro2"
version = "1.0.106"
source = "registry+https://github.com/rust-lang/crates.io-index"
checksum = "8fd00f0bb2e90d81d1044c2b32617f68fcb9fa3bb7640c23e9c748e53fb30934"
dependencies = [
 "unicode-ident",
]

[[package]]
name = "quote"
version = "1.0.45"
source = "registry+https://github.com/rust-lang/crates.io-index"
checksum = "41f2619966050689382d2b44f664f4bc593e129785a36d6ee376ddf37259b924"
dependencies = [
 "proc-macro2",
]

[[package]]
name = "safe_arch"
version = "1.0.0"
source = "registry+https://github.com/rust-lang/crates.io-index"
checksum = "1f7caad094bd561859bcd467734a720c3c1f5d1f338995351fefe2190c45efed"
dependencies = [
 "bytemuck",
]

[[package]]
name = "safe_unaligned_simd"
version = "0.2.5"
source = "registry+https://github.com/rust-lang/crates.io-index"
checksum = "f9c874fb993656d484725d58fbfddb39dfcf98ebcadc1a1d09568aa6b39bafba"

[[package]]
name = "syn"
version = "2.0.117"
source = "registry+https://github.com/rust-lang/crates.io-index"
checksum = "e665b8803e7b1d2a727f4023456bbbbe74da67099c585258af0ad9c5013b9b99"
dependencies = [
 "proc-macro2",
 "quote",
 "unicode-ident",
]

[[package]]
name = "unicode-ident"
version = "1.0.24"
source = "registry+https://github.com/rust-lang/crates.io-index"
checksum = "e6e4313cd5fcd3dad5cafa179702e2b244f760991f45397d14d4ebf38247da75"

[[package]]
name = "wide"
version = "1.2.0"
source = "registry+https://github.com/rust-lang/crates.io-index"
checksum = "198f6abc41fab83526d10880fa5c17e2b4ee44e763949b4bb34e2fd1e8ca48e4"
dependencies = [
 "bytemuck",
 "safe_arch",
]

[[package]]
name = "zenblend"
version = "0.1.0"
dependencies = [
 "archmage",
 "libm",
 "magetypes",
 "safe_unaligned_simd",
 "wide",
]
